
Microsoft Visual Studio Solution File, Format Version 12.00
# Visual Studio Version 16
VisualStudioVersion = 16.0.31112.23
MinimumVisualStudioVersion = 10.0.40219.1
Project("{FAE04EC0-301F-11D3-BF4B-00C04F79EFBC}") = "CalculodePedidos", "CalculodePedidos\CalculodePedidos.csproj", "{B3D969F4-AA15-4C24-956C-2B8735A234CE}"
EndProject
Global
	GlobalSection(SolutionConfigurationPlatforms) = preSolution
		Debug|Any CPU = Debug|Any CPU
		Release|Any CPU = Release|Any CPU
	EndGlobalSection
	GlobalSection(ProjectConfigurationPlatforms) = postSolution
		{B3D969F4-AA15-4C24-956C-2B8735A234CE}.Debug|Any CPU.ActiveCfg = Debug|Any CPU
		{B3D969F4-AA15-4C24-956C-2B8735A234CE}.Debug|Any CPU.Build.0 = Debug|Any CPU
		{B3D969F4-AA15-4C24-956C-2B8735A234CE}.Release|Any CPU.ActiveCfg = Release|Any CPU
		{B3D969F4-AA15-4C24-956C-2B8735A234CE}.Release|Any CPU.Build.0 = Release|Any CPU
	EndGlobalSection
	GlobalSection(SolutionProperties) = preSolution
		HideSolutionNode = FALSE
	EndGlobalSection
	GlobalSection(ExtensibilityGlobals) = postSolution
		SolutionGuid = {73C6F0C1-A951-4CF9-ACF2-A1338A3C88E6}
	EndGlobalSection
EndGlobal
